
Microsoft Visual Studio Solution File, Format Version 12.00
# Visual Studio Version 16
VisualStudioVersion = 16.0.31624.102
MinimumVisualStudioVersion = 10.0.40219.1
Project("{FAE04EC0-301F-11D3-BF4B-00C04F79EFBC}") = "Lms.Api", "Lms.Api\Lms.Api.csproj", "{4D500F34-93EE-452E-AB3A-BE825DDE8A08}"
EndProject
Project("{FAE04EC0-301F-11D3-BF4B-00C04F79EFBC}") = "Lms.Data", "Lms.Data\Lms.Data.csproj", "{7717092F-8D20-4FC4-86F0-77B12D995B1A}"
EndProject
Project("{FAE04EC0-301F-11D3-BF4B-00C04F79EFBC}") = "Lms.Core", "Lms.Core\Lms.Core.csproj", "{60B5DF34-BB04-42B9-BCF1-D98B6FE79258}"
EndProject
Global
	GlobalSection(SolutionConfigurationPlatforms) = preSolution
		Debug|Any CPU = Debug|Any CPU
		Release|Any CPU = Release|Any CPU
	EndGlobalSection
	GlobalSection(ProjectConfigurationPlatforms) = postSolution
		{4D500F34-93EE-452E-AB3A-BE825DDE8A08}.Debug|Any CPU.ActiveCfg = Debug|Any CPU
		{4D500F34-93EE-452E-AB3A-BE825DDE8A08}.Debug|Any CPU.Build.0 = Debug|Any CPU
		{4D500F34-93EE-452E-AB3A-BE825DDE8A08}.Release|Any CPU.ActiveCfg = Release|Any CPU
		{4D500F34-93EE-452E-AB3A-BE825DDE8A08}.Release|Any CPU.Build.0 = Release|Any CPU
		{7717092F-8D20-4FC4-86F0-77B12D995B1A}.Debug|Any CPU.ActiveCfg = Debug|Any CPU
		{7717092F-8D20-4FC4-86F0-77B12D995B1A}.Debug|Any CPU.Build.0 = Debug|Any CPU
		{7717092F-8D20-4FC4-86F0-77B12D995B1A}.Release|Any CPU.ActiveCfg = Release|Any CPU
		{7717092F-8D20-4FC4-86F0-77B12D995B1A}.Release|Any CPU.Build.0 = Release|Any CPU
		{60B5DF34-BB04-42B9-BCF1-D98B6FE79258}.Debug|Any CPU.ActiveCfg = Debug|Any CPU
		{60B5DF34-BB04-42B9-BCF1-D98B6FE79258}.Debug|Any CPU.Build.0 = Debug|Any CPU
		{60B5DF34-BB04-42B9-BCF1-D98B6FE79258}.Release|Any CPU.ActiveCfg = Release|Any CPU
		{60B5DF34-BB04-42B9-BCF1-D98B6FE79258}.Release|Any CPU.Build.0 = Release|Any CPU
	EndGlobalSection
	GlobalSection(SolutionProperties) = preSolution
		HideSolutionNode = FALSE
	EndGlobalSection
	GlobalSection(ExtensibilityGlobals) = postSolution
		SolutionGuid = {6D3D4D59-FEF2-4472-89FF-92F61270E207}
	EndGlobalSection
EndGlobal
